<?xml version="1.0" encoding="utf-8"?>
<Project ToolsVersion="4.0" xmlns="http://schemas.microsoft.com/developer/msbuild/2003">
  <ItemGroup>
    <Filter Include="Source Files">
      <UniqueIdentifier>{4FC737F1-C7A5-4376-A066-2A32D752A2FF}</UniqueIdentifier>
      <Extensions>cpp;c;cc;cxx;def;odl;idl;hpj;bat;asm;asmx</Extensions>
    </Filter>
    <Filter Include="Header Files">
      <UniqueIdentifier>{93995380-89BD-4b04-88EB-625FBE52EBFB}</UniqueIdentifier>
      <Extensions>h;hh;hpp;hxx;hm;inl;inc;xsd</Extensions>
    </Filter>
    <Filter Include="Resource Files">
      <UniqueIdentifier>{67DA6AB6-F800-4c08-8B7A-83BB121AAD01}</UniqueIdentifier>
      <Extensions>rc;ico;cur;bmp;dlg;rc2;rct;bin;rgs;gif;jpg;jpeg;jpe;resx;tiff;tif;png;wav;mfcribbon-ms</Extensions>
    </Filter>
    <Filter Include="Source Files\Clear">
      <UniqueIdentifier>{f24b64fc-d801-4be5-9f02-9839e8b3c95d}</UniqueIdentifier>
    </Filter>
  </ItemGroup>
  <ItemGroup>
    <ClCompile Include="2839.cpp">
      <Filter>Source Files</Filter>
    </ClCompile>
    <ClCompile Include="1000.cpp">
      <Filter>Source Files\Clear</Filter>
    </ClCompile>
    <ClCompile Include="1001.cpp">
      <Filter>Source Files\Clear</Filter>
    </ClCompile>
    <ClCompile Include="1008.cpp">
      <Filter>Source Files\Clear</Filter>
    </ClCompile>
    <ClCompile Include="2557.cpp">
      <Filter>Source Files\Clear</Filter>
    </ClCompile>
    <ClCompile Include="2558.cpp">
      <Filter>Source Files\Clear</Filter>
    </ClCompile>
    <ClCompile Include="7287.cpp">
      <Filter>Source Files\Clear</Filter>
    </ClCompile>
    <ClCompile Include="10172.cpp">
      <Filter>Source Files\Clear</Filter>
    </ClCompile>
    <ClCompile Include="10430.cpp">
      <Filter>Source Files\Clear</Filter>
    </ClCompile>
    <ClCompile Include="10718.cpp">
      <Filter>Source Files\Clear</Filter>
    </ClCompile>
    <ClCompile Include="10869.cpp">
      <Filter>Source Files\Clear</Filter>
    </ClCompile>
    <ClCompile Include="10998.cpp">
      <Filter>Source Files\Clear</Filter>
    </ClCompile>
    <ClCompile Include="2741.cpp">
      <Filter>Source Files\Clear</Filter>
    </ClCompile>
    <ClCompile Include="2742.cpp">
      <Filter>Source Files\Clear</Filter>
    </ClCompile>
    <ClCompile Include="2739.cpp">
      <Filter>Source Files\Clear</Filter>
    </ClCompile>
    <ClCompile Include="2438.cpp">
      <Filter>Source Files\Clear</Filter>
    </ClCompile>
    <ClCompile Include="2439.cpp">
      <Filter>Source Files\Clear</Filter>
    </ClCompile>
    <ClCompile Include="2440.cpp">
      <Filter>Source Files\Clear</Filter>
    </ClCompile>
    <ClCompile Include="2441.cpp">
      <Filter>Source Files\Clear</Filter>
    </ClCompile>
    <ClCompile Include="9498.cpp">
      <Filter>Source Files\Clear</Filter>
    </ClCompile>
    <ClCompile Include="10817.cpp">
      <Filter>Source Files\Clear</Filter>
    </ClCompile>
    <ClCompile Include="10817_2.cpp">
      <Filter>Source Files\Clear</Filter>
    </ClCompile>
    <ClCompile Include="10817_3.cpp">
      <Filter>Source Files\Clear</Filter>
    </ClCompile>
    <ClCompile Include="10871.cpp">
      <Filter>Source Files\Clear</Filter>
    </ClCompile>
    <ClCompile Include="1546.cpp">
      <Filter>Source Files\Clear</Filter>
    </ClCompile>
    <ClCompile Include="4673.cpp">
      <Filter>Source Files</Filter>
    </ClCompile>
    <ClCompile Include="1152.cpp">
      <Filter>Source Files</Filter>
    </ClCompile>
    <ClCompile Include="plus.cpp">
      <Filter>Source Files\Clear</Filter>
    </ClCompile>
  </ItemGroup>
</Project>